
Microsoft Visual Studio Solution File, Format Version 12.00
Project("{FAE04EC0-301F-11D3-BF4B-00C04F79EFBC}") = "testAuditNet", "testAuditNet\testAuditNet.csproj", "{C34744D2-9B3F-45C5-91D6-9F262BBCA882}"
EndProject
Global
	GlobalSection(SolutionConfigurationPlatforms) = preSolution
		Debug|Any CPU = Debug|Any CPU
		Release|Any CPU = Release|Any CPU
	EndGlobalSection
	GlobalSection(ProjectConfigurationPlatforms) = postSolution
		{C34744D2-9B3F-45C5-91D6-9F262BBCA882}.Debug|Any CPU.ActiveCfg = Debug|Any CPU
		{C34744D2-9B3F-45C5-91D6-9F262BBCA882}.Debug|Any CPU.Build.0 = Debug|Any CPU
		{C34744D2-9B3F-45C5-91D6-9F262BBCA882}.Release|Any CPU.ActiveCfg = Release|Any CPU
		{C34744D2-9B3F-45C5-91D6-9F262BBCA882}.Release|Any CPU.Build.0 = Release|Any CPU
	EndGlobalSection
EndGlobal
